
Microsoft Visual Studio Solution File, Format Version 12.00
# Visual Studio Version 17
VisualStudioVersion = 17.0.32112.339
MinimumVisualStudioVersion = 10.0.40219.1
Project("{FAE04EC0-301F-11D3-BF4B-00C04F79EFBC}") = "SeriesTemporaisAPI", "SeriesTemporaisAPI\SeriesTemporaisAPI.csproj", "{1CF56E1B-6740-44C3-A129-01EDCAACC0A8}"
EndProject
Global
	GlobalSection(SolutionConfigurationPlatforms) = preSolution
		Debug|Any CPU = Debug|Any CPU
		Release|Any CPU = Release|Any CPU
	EndGlobalSection
	GlobalSection(ProjectConfigurationPlatforms) = postSolution
		{1CF56E1B-6740-44C3-A129-01EDCAACC0A8}.Debug|Any CPU.ActiveCfg = Debug|Any CPU
		{1CF56E1B-6740-44C3-A129-01EDCAACC0A8}.Debug|Any CPU.Build.0 = Debug|Any CPU
		{1CF56E1B-6740-44C3-A129-01EDCAACC0A8}.Release|Any CPU.ActiveCfg = Release|Any CPU
		{1CF56E1B-6740-44C3-A129-01EDCAACC0A8}.Release|Any CPU.Build.0 = Release|Any CPU
	EndGlobalSection
	GlobalSection(SolutionProperties) = preSolution
		HideSolutionNode = FALSE
	EndGlobalSection
	GlobalSection(ExtensibilityGlobals) = postSolution
		SolutionGuid = {C00C0D91-2FBC-4B90-A2FB-6EC3DF7F14EA}
	EndGlobalSection
EndGlobal
